
Microsoft Visual Studio Solution File, Format Version 12.00
# Visual Studio Version 17
VisualStudioVersion = 17.6.33815.320
MinimumVisualStudioVersion = 10.0.40219.1
Project("{2150E333-8FDC-42A3-9474-1A3956D46DE8}") = "Services", "Services", "{9E7569C7-AD31-4154-AE7B-76384B3EF824}"
EndProject
Project("{2150E333-8FDC-42A3-9474-1A3956D46DE8}") = "Catalog", "Catalog", "{BB3D6DCE-A8BA-4E6F-B771-3E93BDB634E4}"
EndProject
Project("{9A19103F-16F7-4668-BE54-9A1E7A4F7556}") = "Catalog.Api", "Catalog.Api\Catalog.Api.csproj", "{072CA06F-C784-4EE0-8868-3F97835EA58D}"
EndProject
Project("{E53339B2-1760-4266-BCC7-CA923CBCF16C}") = "docker-compose", "docker-compose.dcproj", "{6118E666-5AD4-44AE-A23D-639852B9F54F}"
EndProject
Project("{2150E333-8FDC-42A3-9474-1A3956D46DE8}") = "Basket", "Basket", "{5C0E735F-AE29-4DB4-912C-63380F6922CD}"
EndProject
Project("{9A19103F-16F7-4668-BE54-9A1E7A4F7556}") = "Basket.Api", "Basket.Api\Basket.Api.csproj", "{E24DA63D-DC7B-46FB-B594-73C51F68D9B6}"
EndProject
Project("{2150E333-8FDC-42A3-9474-1A3956D46DE8}") = "Discount", "Discount", "{E2132FF1-80CD-4D17-8948-CC43FE1F88B6}"
EndProject
Project("{9A19103F-16F7-4668-BE54-9A1E7A4F7556}") = "Discount.Api", "Discount.Api\Discount.Api.csproj", "{975C5D35-2A8E-4583-BEC1-219A658A820C}"
EndProject
Project("{9A19103F-16F7-4668-BE54-9A1E7A4F7556}") = "Discount.Grpc", "Discount.Grpc\Discount.Grpc.csproj", "{E8A15336-C4BA-49D1-9C70-0351ED7750EB}"
EndProject
Project("{2150E333-8FDC-42A3-9474-1A3956D46DE8}") = "Ordering", "Ordering", "{A850CA43-4317-4988-88E3-4EA4E0F420D2}"
EndProject
Project("{9A19103F-16F7-4668-BE54-9A1E7A4F7556}") = "Ordering.Api", "Ordering.Api\Ordering.Api.csproj", "{12529CA1-8825-45E0-B4F6-7C6F79D76440}"
EndProject
Project("{9A19103F-16F7-4668-BE54-9A1E7A4F7556}") = "Ordering.Domain", "Ordering.Domain\Ordering.Domain.csproj", "{61AE1E88-1048-4B61-BFF8-3B4AE5EF9095}"
EndProject
Project("{9A19103F-16F7-4668-BE54-9A1E7A4F7556}") = "Ordering.Application", "Ordering.Application\Ordering.Application.csproj", "{1488D62D-DE53-433E-95BB-58C681CE992F}"
EndProject
Project("{9A19103F-16F7-4668-BE54-9A1E7A4F7556}") = "Ordering.Infrastructure", "Ordering.Infrastructure\Ordering.Infrastructure.csproj", "{6FA07A2F-B3A6-47D2-AFDB-8DD02A626510}"
EndProject
Project("{2150E333-8FDC-42A3-9474-1A3956D46DE8}") = "BuildingBlocks", "BuildingBlocks", "{AED7FE98-0EE4-400C-9071-817ABFA69A65}"
EndProject
Project("{9A19103F-16F7-4668-BE54-9A1E7A4F7556}") = "EventBus.Messages", "EventBus.Messages\EventBus.Messages.csproj", "{7BB3F1A8-A04E-4EEB-97C0-590B5AD583B3}"
EndProject
Project("{2150E333-8FDC-42A3-9474-1A3956D46DE8}") = "ApiGateways", "ApiGateways", "{D0BD1487-7D0F-4B57-9F16-71B7A84FD07E}"
EndProject
Project("{FAE04EC0-301F-11D3-BF4B-00C04F79EFBC}") = "OcelotApiGw", "OcelotApiGw\OcelotApiGw.csproj", "{202D5873-1297-4E29-881B-A7567865BEF7}"
EndProject
Project("{FAE04EC0-301F-11D3-BF4B-00C04F79EFBC}") = "Shopping.Aggregator", "Shopping.Aggregator\Shopping.Aggregator.csproj", "{7D7BCE0A-EBFC-4285-9BB7-88638A2605B7}"
EndProject
Project("{2150E333-8FDC-42A3-9474-1A3956D46DE8}") = "WebApps", "WebApps", "{BAAC2450-3BD7-4AEF-A14E-14023161A84B}"
EndProject
Project("{9A19103F-16F7-4668-BE54-9A1E7A4F7556}") = "AspnetRunBasics", "AspnetRunBasics\AspnetRunBasics.csproj", "{125DBBC0-2F1B-410A-9D33-82E2A3BE7720}"
EndProject
Global
	GlobalSection(SolutionConfigurationPlatforms) = preSolution
		Debug|Any CPU = Debug|Any CPU
		Release|Any CPU = Release|Any CPU
	EndGlobalSection
	GlobalSection(ProjectConfigurationPlatforms) = postSolution
		{072CA06F-C784-4EE0-8868-3F97835EA58D}.Debug|Any CPU.ActiveCfg = Debug|Any CPU
		{072CA06F-C784-4EE0-8868-3F97835EA58D}.Debug|Any CPU.Build.0 = Debug|Any CPU
		{072CA06F-C784-4EE0-8868-3F97835EA58D}.Release|Any CPU.ActiveCfg = Release|Any CPU
		{072CA06F-C784-4EE0-8868-3F97835EA58D}.Release|Any CPU.Build.0 = Release|Any CPU
		{6118E666-5AD4-44AE-A23D-639852B9F54F}.Debug|Any CPU.ActiveCfg = Debug|Any CPU
		{6118E666-5AD4-44AE-A23D-639852B9F54F}.Debug|Any CPU.Build.0 = Debug|Any CPU
		{6118E666-5AD4-44AE-A23D-639852B9F54F}.Release|Any CPU.ActiveCfg = Release|Any CPU
		{6118E666-5AD4-44AE-A23D-639852B9F54F}.Release|Any CPU.Build.0 = Release|Any CPU
		{E24DA63D-DC7B-46FB-B594-73C51F68D9B6}.Debug|Any CPU.ActiveCfg = Debug|Any CPU
		{E24DA63D-DC7B-46FB-B594-73C51F68D9B6}.Debug|Any CPU.Build.0 = Debug|Any CPU
		{E24DA63D-DC7B-46FB-B594-73C51F68D9B6}.Release|Any CPU.ActiveCfg = Release|Any CPU
		{E24DA63D-DC7B-46FB-B594-73C51F68D9B6}.Release|Any CPU.Build.0 = Release|Any CPU
		{975C5D35-2A8E-4583-BEC1-219A658A820C}.Debug|Any CPU.ActiveCfg = Debug|Any CPU
		{975C5D35-2A8E-4583-BEC1-219A658A820C}.Debug|Any CPU.Build.0 = Debug|Any CPU
		{975C5D35-2A8E-4583-BEC1-219A658A820C}.Release|Any CPU.ActiveCfg = Release|Any CPU
		{975C5D35-2A8E-4583-BEC1-219A658A820C}.Release|Any CPU.Build.0 = Release|Any CPU
		{E8A15336-C4BA-49D1-9C70-0351ED7750EB}.Debug|Any CPU.ActiveCfg = Debug|Any CPU
		{E8A15336-C4BA-49D1-9C70-0351ED7750EB}.Debug|Any CPU.Build.0 = Debug|Any CPU
		{E8A15336-C4BA-49D1-9C70-0351ED7750EB}.Release|Any CPU.ActiveCfg = Release|Any CPU
		{E8A15336-C4BA-49D1-9C70-0351ED7750EB}.Release|Any CPU.Build.0 = Release|Any CPU
		{12529CA1-8825-45E0-B4F6-7C6F79D76440}.Debug|Any CPU.ActiveCfg = Debug|Any CPU
		{12529CA1-8825-45E0-B4F6-7C6F79D76440}.Debug|Any CPU.Build.0 = Debug|Any CPU
		{12529CA1-8825-45E0-B4F6-7C6F79D76440}.Release|Any CPU.ActiveCfg = Release|Any CPU
		{12529CA1-8825-45E0-B4F6-7C6F79D76440}.Release|Any CPU.Build.0 = Release|Any CPU
		{61AE1E88-1048-4B61-BFF8-3B4AE5EF9095}.Debug|Any CPU.ActiveCfg = Debug|Any CPU
		{61AE1E88-1048-4B61-BFF8-3B4AE5EF9095}.Debug|Any CPU.Build.0 = Debug|Any CPU
		{61AE1E88-1048-4B61-BFF8-3B4AE5EF9095}.Release|Any CPU.ActiveCfg = Release|Any CPU
		{61AE1E88-1048-4B61-BFF8-3B4AE5EF9095}.Release|Any CPU.Build.0 = Release|Any CPU
		{1488D62D-DE53-433E-95BB-58C681CE992F}.Debug|Any CPU.ActiveCfg = Debug|Any CPU
		{1488D62D-DE53-433E-95BB-58C681CE992F}.Debug|Any CPU.Build.0 = Debug|Any CPU
		{1488D62D-DE53-433E-95BB-58C681CE992F}.Release|Any CPU.ActiveCfg = Release|Any CPU
		{1488D62D-DE53-433E-95BB-58C681CE992F}.Release|Any CPU.Build.0 = Release|Any CPU
		{6FA07A2F-B3A6-47D2-AFDB-8DD02A626510}.Debug|Any CPU.ActiveCfg = Debug|Any CPU
		{6FA07A2F-B3A6-47D2-AFDB-8DD02A626510}.Debug|Any CPU.Build.0 = Debug|Any CPU
		{6FA07A2F-B3A6-47D2-AFDB-8DD02A626510}.Release|Any CPU.ActiveCfg = Release|Any CPU
		{6FA07A2F-B3A6-47D2-AFDB-8DD02A626510}.Release|Any CPU.Build.0 = Release|Any CPU
		{7BB3F1A8-A04E-4EEB-97C0-590B5AD583B3}.Debug|Any CPU.ActiveCfg = Debug|Any CPU
		{7BB3F1A8-A04E-4EEB-97C0-590B5AD583B3}.Debug|Any CPU.Build.0 = Debug|Any CPU
		{7BB3F1A8-A04E-4EEB-97C0-590B5AD583B3}.Release|Any CPU.ActiveCfg = Release|Any CPU
		{7BB3F1A8-A04E-4EEB-97C0-590B5AD583B3}.Release|Any CPU.Build.0 = Release|Any CPU
		{202D5873-1297-4E29-881B-A7567865BEF7}.Debug|Any CPU.ActiveCfg = Debug|Any CPU
		{202D5873-1297-4E29-881B-A7567865BEF7}.Debug|Any CPU.Build.0 = Debug|Any CPU
		{202D5873-1297-4E29-881B-A7567865BEF7}.Release|Any CPU.ActiveCfg = Release|Any CPU
		{202D5873-1297-4E29-881B-A7567865BEF7}.Release|Any CPU.Build.0 = Release|Any CPU
		{7D7BCE0A-EBFC-4285-9BB7-88638A2605B7}.Debug|Any CPU.ActiveCfg = Debug|Any CPU
		{7D7BCE0A-EBFC-4285-9BB7-88638A2605B7}.Debug|Any CPU.Build.0 = Debug|Any CPU
		{7D7BCE0A-EBFC-4285-9BB7-88638A2605B7}.Release|Any CPU.ActiveCfg = Release|Any CPU
		{7D7BCE0A-EBFC-4285-9BB7-88638A2605B7}.Release|Any CPU.Build.0 = Release|Any CPU
		{125DBBC0-2F1B-410A-9D33-82E2A3BE7720}.Debug|Any CPU.ActiveCfg = Debug|Any CPU
		{125DBBC0-2F1B-410A-9D33-82E2A3BE7720}.Debug|Any CPU.Build.0 = Debug|Any CPU
		{125DBBC0-2F1B-410A-9D33-82E2A3BE7720}.Release|Any CPU.ActiveCfg = Release|Any CPU
		{125DBBC0-2F1B-410A-9D33-82E2A3BE7720}.Release|Any CPU.Build.0 = Release|Any CPU
	EndGlobalSection
	GlobalSection(SolutionProperties) = preSolution
		HideSolutionNode = FALSE
	EndGlobalSection
	GlobalSection(NestedProjects) = preSolution
		{BB3D6DCE-A8BA-4E6F-B771-3E93BDB634E4} = {9E7569C7-AD31-4154-AE7B-76384B3EF824}
		{072CA06F-C784-4EE0-8868-3F97835EA58D} = {BB3D6DCE-A8BA-4E6F-B771-3E93BDB634E4}
		{5C0E735F-AE29-4DB4-912C-63380F6922CD} = {9E7569C7-AD31-4154-AE7B-76384B3EF824}
		{E24DA63D-DC7B-46FB-B594-73C51F68D9B6} = {5C0E735F-AE29-4DB4-912C-63380F6922CD}
		{E2132FF1-80CD-4D17-8948-CC43FE1F88B6} = {9E7569C7-AD31-4154-AE7B-76384B3EF824}
		{975C5D35-2A8E-4583-BEC1-219A658A820C} = {E2132FF1-80CD-4D17-8948-CC43FE1F88B6}
		{E8A15336-C4BA-49D1-9C70-0351ED7750EB} = {E2132FF1-80CD-4D17-8948-CC43FE1F88B6}
		{A850CA43-4317-4988-88E3-4EA4E0F420D2} = {9E7569C7-AD31-4154-AE7B-76384B3EF824}
		{12529CA1-8825-45E0-B4F6-7C6F79D76440} = {A850CA43-4317-4988-88E3-4EA4E0F420D2}
		{61AE1E88-1048-4B61-BFF8-3B4AE5EF9095} = {A850CA43-4317-4988-88E3-4EA4E0F420D2}
		{1488D62D-DE53-433E-95BB-58C681CE992F} = {A850CA43-4317-4988-88E3-4EA4E0F420D2}
		{6FA07A2F-B3A6-47D2-AFDB-8DD02A626510} = {A850CA43-4317-4988-88E3-4EA4E0F420D2}
		{7BB3F1A8-A04E-4EEB-97C0-590B5AD583B3} = {AED7FE98-0EE4-400C-9071-817ABFA69A65}
		{202D5873-1297-4E29-881B-A7567865BEF7} = {D0BD1487-7D0F-4B57-9F16-71B7A84FD07E}
		{7D7BCE0A-EBFC-4285-9BB7-88638A2605B7} = {D0BD1487-7D0F-4B57-9F16-71B7A84FD07E}
		{125DBBC0-2F1B-410A-9D33-82E2A3BE7720} = {BAAC2450-3BD7-4AEF-A14E-14023161A84B}
	EndGlobalSection
	GlobalSection(ExtensibilityGlobals) = postSolution
		SolutionGuid = {88DFE28E-061F-4330-A184-E37C4E38EA55}
	EndGlobalSection
EndGlobal
